// !$*UTF8*$!
{
	archiveVersion = 1;
	classes = {
	};
	objectVersion = 56;
	objects = {

/* Begin PBXBuildFile section */
		48218CEC2C295648003ADF9A /* AppDelegate.swift in Sources */ = {isa = PBXBuildFile; fileRef = 48218CEB2C295648003ADF9A /* AppDelegate.swift */; };
		48218CEE2C295648003ADF9A /* SceneDelegate.swift in Sources */ = {isa = PBXBuildFile; fileRef = 48218CED2C295648003ADF9A /* SceneDelegate.swift */; };
		48218CF02C295648003ADF9A /* ViewController.swift in Sources */ = {isa = PBXBuildFile; fileRef = 48218CEF2C295648003ADF9A /* ViewController.swift */; };
		48218CF52C29564A003ADF9A /* Assets.xcassets in Resources */ = {isa = PBXBuildFile; fileRef = 48218CF42C29564A003ADF9A /* Assets.xcassets */; };
		48218CF82C29564A003ADF9A /* Base in Resources */ = {isa = PBXBuildFile; fileRef = 48218CF72C29564A003ADF9A /* Base */; };
		48218D012C2957AA003ADF9A /* RecommendListView.swift in Sources */ = {isa = PBXBuildFile; fileRef = 48218D002C2957AA003ADF9A /* RecommendListView.swift */; };
		48218D042C29587C003ADF9A /* SnapKit in Frameworks */ = {isa = PBXBuildFile; productRef = 48218D032C29587C003ADF9A /* SnapKit */; };
		48218D072C295890003ADF9A /* Alamofire in Frameworks */ = {isa = PBXBuildFile; productRef = 48218D062C295890003ADF9A /* Alamofire */; };
		48218D0A2C2959DB003ADF9A /* BaseViewController.swift in Sources */ = {isa = PBXBuildFile; fileRef = 48218D092C2959DB003ADF9A /* BaseViewController.swift */; };
		48218D0C2C295BF8003ADF9A /* .gitignore in Resources */ = {isa = PBXBuildFile; fileRef = 48218D0B2C295BF8003ADF9A /* .gitignore */; };
		48218D0F2C295DD0003ADF9A /* RecommendListCell.swift in Sources */ = {isa = PBXBuildFile; fileRef = 48218D0E2C295DD0003ADF9A /* RecommendListCell.swift */; };
		48218D122C295E19003ADF9A /* ReusableID.swift in Sources */ = {isa = PBXBuildFile; fileRef = 48218D112C295E19003ADF9A /* ReusableID.swift */; };
		48218D142C295E8F003ADF9A /* APIKey.swift in Sources */ = {isa = PBXBuildFile; fileRef = 48218D132C295E8F003ADF9A /* APIKey.swift */; };
		48218D162C296025003ADF9A /* NetworkManager.swift in Sources */ = {isa = PBXBuildFile; fileRef = 48218D152C296025003ADF9A /* NetworkManager.swift */; };
		48218D1A2C29632C003ADF9A /* Similar.swift in Sources */ = {isa = PBXBuildFile; fileRef = 48218D192C29632C003ADF9A /* Similar.swift */; };
		48218D1C2C2964F9003ADF9A /* Poster.swift in Sources */ = {isa = PBXBuildFile; fileRef = 48218D1B2C2964F9003ADF9A /* Poster.swift */; };
		48218D1E2C296CB8003ADF9A /* RecommendCell.swift in Sources */ = {isa = PBXBuildFile; fileRef = 48218D1D2C296CB8003ADF9A /* RecommendCell.swift */; };
		48218D212C296FC9003ADF9A /* Kingfisher in Frameworks */ = {isa = PBXBuildFile; productRef = 48218D202C296FC9003ADF9A /* Kingfisher */; };
/* End PBXBuildFile section */

/* Begin PBXFileReference section */
		48218CE82C295648003ADF9A /* FilmList.app */ = {isa = PBXFileReference; explicitFileType = wrapper.application; includeInIndex = 0; path = FilmList.app; sourceTree = BUILT_PRODUCTS_DIR; };
		48218CEB2C295648003ADF9A /* AppDelegate.swift */ = {isa = PBXFileReference; lastKnownFileType = sourcecode.swift; path = AppDelegate.swift; sourceTree = "<group>"; };
		48218CED2C295648003ADF9A /* SceneDelegate.swift */ = {isa = PBXFileReference; lastKnownFileType = sourcecode.swift; path = SceneDelegate.swift; sourceTree = "<group>"; };
		48218CEF2C295648003ADF9A /* ViewController.swift */ = {isa = PBXFileReference; lastKnownFileType = sourcecode.swift; path = ViewController.swift; sourceTree = "<group>"; };
		48218CF42C29564A003ADF9A /* Assets.xcassets */ = {isa = PBXFileReference; lastKnownFileType = folder.assetcatalog; path = Assets.xcassets; sourceTree = "<group>"; };
		48218CF72C29564A003ADF9A /* Base */ = {isa = PBXFileReference; lastKnownFileType = file.storyboard; name = Base; path = Base.lproj/LaunchScreen.storyboard; sourceTree = "<group>"; };
		48218CF92C29564A003ADF9A /* Info.plist */ = {isa = PBXFileReference; lastKnownFileType = text.plist.xml; path = Info.plist; sourceTree = "<group>"; };
		48218D002C2957AA003ADF9A /* RecommendListView.swift */ = {isa = PBXFileReference; lastKnownFileType = sourcecode.swift; path = RecommendListView.swift; sourceTree = "<group>"; };
		48218D092C2959DB003ADF9A /* BaseViewController.swift */ = {isa = PBXFileReference; lastKnownFileType = sourcecode.swift; path = BaseViewController.swift; sourceTree = "<group>"; };
		48218D0B2C295BF8003ADF9A /* .gitignore */ = {isa = PBXFileReference; lastKnownFileType = text; path = .gitignore; sourceTree = "<group>"; };
		48218D0E2C295DD0003ADF9A /* RecommendListCell.swift */ = {isa = PBXFileReference; lastKnownFileType = sourcecode.swift; path = RecommendListCell.swift; sourceTree = "<group>"; };
		48218D112C295E19003ADF9A /* ReusableID.swift */ = {isa = PBXFileReference; lastKnownFileType = sourcecode.swift; path = ReusableID.swift; sourceTree = "<group>"; };
		48218D132C295E8F003ADF9A /* APIKey.swift */ = {isa = PBXFileReference; lastKnownFileType = sourcecode.swift; path = APIKey.swift; sourceTree = "<group>"; };
		48218D152C296025003ADF9A /* NetworkManager.swift */ = {isa = PBXFileReference; lastKnownFileType = sourcecode.swift; path = NetworkManager.swift; sourceTree = "<group>"; };
		48218D192C29632C003ADF9A /* Similar.swift */ = {isa = PBXFileReference; lastKnownFileType = sourcecode.swift; path = Similar.swift; sourceTree = "<group>"; };
		48218D1B2C2964F9003ADF9A /* Poster.swift */ = {isa = PBXFileReference; lastKnownFileType = sourcecode.swift; path = Poster.swift; sourceTree = "<group>"; };
		48218D1D2C296CB8003ADF9A /* RecommendCell.swift */ = {isa = PBXFileReference; lastKnownFileType = sourcecode.swift; path = RecommendCell.swift; sourceTree = "<group>"; };
/* End PBXFileReference section */

/* Begin PBXFrameworksBuildPhase section */
		48218CE52C295648003ADF9A /* Frameworks */ = {
			isa = PBXFrameworksBuildPhase;
			buildActionMask = 2147483647;
			files = (
				48218D212C296FC9003ADF9A /* Kingfisher in Frameworks */,
				48218D042C29587C003ADF9A /* SnapKit in Frameworks */,
				48218D072C295890003ADF9A /* Alamofire in Frameworks */,
			);
			runOnlyForDeploymentPostprocessing = 0;
		};
/* End PBXFrameworksBuildPhase section */

/* Begin PBXGroup section */
		48218CDF2C295648003ADF9A = {
			isa = PBXGroup;
			children = (
				48218D0B2C295BF8003ADF9A /* .gitignore */,
				48218CEA2C295648003ADF9A /* FilmList */,
				48218CE92C295648003ADF9A /* Products */,
			);
			sourceTree = "<group>";
		};
		48218CE92C295648003ADF9A /* Products */ = {
			isa = PBXGroup;
			children = (
				48218CE82C295648003ADF9A /* FilmList.app */,
			);
			name = Products;
			sourceTree = "<group>";
		};
		48218CEA2C295648003ADF9A /* FilmList */ = {
			isa = PBXGroup;
			children = (
				48218D182C2962E6003ADF9A /* Models */,
				48218D172C29602C003ADF9A /* Network */,
				48218D102C295DE5003ADF9A /* Heplers */,
				48218D0D2C295DB2003ADF9A /* Cells */,
				48218D082C2959B9003ADF9A /* Controllers */,
				48218CFF2C295731003ADF9A /* Views */,
				48218CEB2C295648003ADF9A /* AppDelegate.swift */,
				48218CED2C295648003ADF9A /* SceneDelegate.swift */,
				48218CF42C29564A003ADF9A /* Assets.xcassets */,
				48218CF62C29564A003ADF9A /* LaunchScreen.storyboard */,
				48218CF92C29564A003ADF9A /* Info.plist */,
			);
			path = FilmList;
			sourceTree = "<group>";
		};
		48218CFF2C295731003ADF9A /* Views */ = {
			isa = PBXGroup;
			children = (
				48218D002C2957AA003ADF9A /* RecommendListView.swift */,
			);
			path = Views;
			sourceTree = "<group>";
		};
		48218D082C2959B9003ADF9A /* Controllers */ = {
			isa = PBXGroup;
			children = (
				48218D092C2959DB003ADF9A /* BaseViewController.swift */,
				48218CEF2C295648003ADF9A /* ViewController.swift */,
			);
			path = Controllers;
			sourceTree = "<group>";
		};
		48218D0D2C295DB2003ADF9A /* Cells */ = {
			isa = PBXGroup;
			children = (
				48218D0E2C295DD0003ADF9A /* RecommendListCell.swift */,
				48218D1D2C296CB8003ADF9A /* RecommendCell.swift */,
			);
			path = Cells;
			sourceTree = "<group>";
		};
		48218D102C295DE5003ADF9A /* Heplers */ = {
			isa = PBXGroup;
			children = (
				48218D112C295E19003ADF9A /* ReusableID.swift */,
				48218D132C295E8F003ADF9A /* APIKey.swift */,
			);
			path = Heplers;
			sourceTree = "<group>";
		};
		48218D172C29602C003ADF9A /* Network */ = {
			isa = PBXGroup;
			children = (
				48218D152C296025003ADF9A /* NetworkManager.swift */,
			);
			path = Network;
			sourceTree = "<group>";
		};
		48218D182C2962E6003ADF9A /* Models */ = {
			isa = PBXGroup;
			children = (
				48218D192C29632C003ADF9A /* Similar.swift */,
				48218D1B2C2964F9003ADF9A /* Poster.swift */,
			);
			path = Models;
			sourceTree = "<group>";
		};
/* End PBXGroup section */

/* Begin PBXNativeTarget section */
		48218CE72C295648003ADF9A /* FilmList */ = {
			isa = PBXNativeTarget;
			buildConfigurationList = 48218CFC2C29564A003ADF9A /* Build configuration list for PBXNativeTarget "FilmList" */;
			buildPhases = (
				48218CE42C295648003ADF9A /* Sources */,
				48218CE52C295648003ADF9A /* Frameworks */,
				48218CE62C295648003ADF9A /* Resources */,
			);
			buildRules = (
			);
			dependencies = (
			);
			name = FilmList;
			packageProductDependencies = (
				48218D032C29587C003ADF9A /* SnapKit */,
				48218D062C295890003ADF9A /* Alamofire */,
				48218D202C296FC9003ADF9A /* Kingfisher */,
			);
			productName = FilmList;
			productReference = 48218CE82C295648003ADF9A /* FilmList.app */;
			productType = "com.apple.product-type.application";
		};
/* End PBXNativeTarget section */

/* Begin PBXProject section */
		48218CE02C295648003ADF9A /* Project object */ = {
			isa = PBXProject;
			attributes = {
				BuildIndependentTargetsInParallel = 1;
				LastSwiftUpdateCheck = 1530;
				LastUpgradeCheck = 1530;
				TargetAttributes = {
					48218CE72C295648003ADF9A = {
						CreatedOnToolsVersion = 15.3;
					};
				};
			};
			buildConfigurationList = 48218CE32C295648003ADF9A /* Build configuration list for PBXProject "FilmList" */;
			compatibilityVersion = "Xcode 14.0";
			developmentRegion = en;
			hasScannedForEncodings = 0;
			knownRegions = (
				en,
				Base,
			);
			mainGroup = 48218CDF2C295648003ADF9A;
			packageReferences = (
				48218D022C29587C003ADF9A /* XCRemoteSwiftPackageReference "SnapKit" */,
				48218D052C295890003ADF9A /* XCRemoteSwiftPackageReference "Alamofire" */,
				48218D1F2C296FC9003ADF9A /* XCRemoteSwiftPackageReference "Kingfisher" */,
			);
			productRefGroup = 48218CE92C295648003ADF9A /* Products */;
			projectDirPath = "";
			projectRoot = "";
			targets = (
				48218CE72C295648003ADF9A /* FilmList */,
			);
		};
/* End PBXProject section */

/* Begin PBXResourcesBuildPhase section */
		48218CE62C295648003ADF9A /* Resources */ = {
			isa = PBXResourcesBuildPhase;
			buildActionMask = 2147483647;
			files = (
				48218CF52C29564A003ADF9A /* Assets.xcassets in Resources */,
				48218D0C2C295BF8003ADF9A /* .gitignore in Resources */,
				48218CF82C29564A003ADF9A /* Base in Resources */,
			);
			runOnlyForDeploymentPostprocessing = 0;
		};
/* End PBXResourcesBuildPhase section */

/* Begin PBXSourcesBuildPhase section */
		48218CE42C295648003ADF9A /* Sources */ = {
			isa = PBXSourcesBuildPhase;
			buildActionMask = 2147483647;
			files = (
				48218D162C296025003ADF9A /* NetworkManager.swift in Sources */,
				48218D0A2C2959DB003ADF9A /* BaseViewController.swift in Sources */,
				48218CF02C295648003ADF9A /* ViewController.swift in Sources */,
				48218D1A2C29632C003ADF9A /* Similar.swift in Sources */,
				48218D1E2C296CB8003ADF9A /* RecommendCell.swift in Sources */,
				48218D142C295E8F003ADF9A /* APIKey.swift in Sources */,
				48218D0F2C295DD0003ADF9A /* RecommendListCell.swift in Sources */,
				48218CEC2C295648003ADF9A /* AppDelegate.swift in Sources */,
				48218D1C2C2964F9003ADF9A /* Poster.swift in Sources */,
				48218D122C295E19003ADF9A /* ReusableID.swift in Sources */,
				48218CEE2C295648003ADF9A /* SceneDelegate.swift in Sources */,
				48218D012C2957AA003ADF9A /* RecommendListView.swift in Sources */,
			);
			runOnlyForDeploymentPostprocessing = 0;
		};
/* End PBXSourcesBuildPhase section */

/* Begin PBXVariantGroup section */
		48218CF62C29564A003ADF9A /* LaunchScreen.storyboard */ = {
			isa = PBXVariantGroup;
			children = (
				48218CF72C29564A003ADF9A /* Base */,
			);
			name = LaunchScreen.storyboard;
			sourceTree = "<group>";
		};
/* End PBXVariantGroup section */

/* Begin XCBuildConfiguration section */
		48218CFA2C29564A003ADF9A /* Debug */ = {
			isa = XCBuildConfiguration;
			buildSettings = {
				ALWAYS_SEARCH_USER_PATHS = NO;
				ASSETCATALOG_COMPILER_GENERATE_SWIFT_ASSET_SYMBOL_EXTENSIONS = YES;
				CLANG_ANALYZER_NONNULL = YES;
				CLANG_ANALYZER_NUMBER_OBJECT_CONVERSION = YES_AGGRESSIVE;
				CLANG_CXX_LANGUAGE_STANDARD = "gnu++20";
				CLANG_ENABLE_MODULES = YES;
				CLANG_ENABLE_OBJC_ARC = YES;
				CLANG_ENABLE_OBJC_WEAK = YES;
				CLANG_WARN_BLOCK_CAPTURE_AUTORELEASING = YES;
				CLANG_WARN_BOOL_CONVERSION = YES;
				CLANG_WARN_COMMA = YES;
				CLANG_WARN_CONSTANT_CONVERSION = YES;
				CLANG_WARN_DEPRECATED_OBJC_IMPLEMENTATIONS = YES;
				CLANG_WARN_DIRECT_OBJC_ISA_USAGE = YES_ERROR;
				CLANG_WARN_DOCUMENTATION_COMMENTS = YES;
				CLANG_WARN_EMPTY_BODY = YES;
				CLANG_WARN_ENUM_CONVERSION = YES;
				CLANG_WARN_INFINITE_RECURSION = YES;
				CLANG_WARN_INT_CONVERSION = YES;
				CLANG_WARN_NON_LITERAL_NULL_CONVERSION = YES;
				CLANG_WARN_OBJC_IMPLICIT_RETAIN_SELF = YES;
				CLANG_WARN_OBJC_LITERAL_CONVERSION = YES;
				CLANG_WARN_OBJC_ROOT_CLASS = YES_ERROR;
				CLANG_WARN_QUOTED_INCLUDE_IN_FRAMEWORK_HEADER = YES;
				CLANG_WARN_RANGE_LOOP_ANALYSIS = YES;
				CLANG_WARN_STRICT_PROTOTYPES = YES;
				CLANG_WARN_SUSPICIOUS_MOVE = YES;
				CLANG_WARN_UNGUARDED_AVAILABILITY = YES_AGGRESSIVE;
				CLANG_WARN_UNREACHABLE_CODE = YES;
				CLANG_WARN__DUPLICATE_METHOD_MATCH = YES;
				COPY_PHASE_STRIP = NO;
				DEBUG_INFORMATION_FORMAT = dwarf;
				ENABLE_STRICT_OBJC_MSGSEND = YES;
				ENABLE_TESTABILITY = YES;
				ENABLE_USER_SCRIPT_SANDBOXING = YES;
				GCC_C_LANGUAGE_STANDARD = gnu17;
				GCC_DYNAMIC_NO_PIC = NO;
				GCC_NO_COMMON_BLOCKS = YES;
				GCC_OPTIMIZATION_LEVEL = 0;
				GCC_PREPROCESSOR_DEFINITIONS = (
					"DEBUG=1",
					"$(inherited)",
				);
				GCC_WARN_64_TO_32_BIT_CONVERSION = YES;
				GCC_WARN_ABOUT_RETURN_TYPE = YES_ERROR;
				GCC_WARN_UNDECLARED_SELECTOR = YES;
				GCC_WARN_UNINITIALIZED_AUTOS = YES_AGGRESSIVE;
				GCC_WARN_UNUSED_FUNCTION = YES;
				GCC_WARN_UNUSED_VARIABLE = YES;
				IPHONEOS_DEPLOYMENT_TARGET = 17.4;
				LOCALIZATION_PREFERS_STRING_CATALOGS = YES;
				MTL_ENABLE_DEBUG_INFO = INCLUDE_SOURCE;
				MTL_FAST_MATH = YES;
				ONLY_ACTIVE_ARCH = YES;
				SDKROOT = iphoneos;
				SWIFT_ACTIVE_COMPILATION_CONDITIONS = "DEBUG $(inherited)";
				SWIFT_OPTIMIZATION_LEVEL = "-Onone";
			};
			name = Debug;
		};
		48218CFB2C29564A003ADF9A /* Release */ = {
			isa = XCBuildConfiguration;
			buildSettings = {
				ALWAYS_SEARCH_USER_PATHS = NO;
				ASSETCATALOG_COMPILER_GENERATE_SWIFT_ASSET_SYMBOL_EXTENSIONS = YES;
				CLANG_ANALYZER_NONNULL = YES;
				CLANG_ANALYZER_NUMBER_OBJECT_CONVERSION = YES_AGGRESSIVE;
				CLANG_CXX_LANGUAGE_STANDARD = "gnu++20";
				CLANG_ENABLE_MODULES = YES;
				CLANG_ENABLE_OBJC_ARC = YES;
				CLANG_ENABLE_OBJC_WEAK = YES;
				CLANG_WARN_BLOCK_CAPTURE_AUTORELEASING = YES;
				CLANG_WARN_BOOL_CONVERSION = YES;
				CLANG_WARN_COMMA = YES;
				CLANG_WARN_CONSTANT_CONVERSION = YES;
				CLANG_WARN_DEPRECATED_OBJC_IMPLEMENTATIONS = YES;
				CLANG_WARN_DIRECT_OBJC_ISA_USAGE = YES_ERROR;
				CLANG_WARN_DOCUMENTATION_COMMENTS = YES;
				CLANG_WARN_EMPTY_BODY = YES;
				CLANG_WARN_ENUM_CONVERSION = YES;
				CLANG_WARN_INFINITE_RECURSION = YES;
				CLANG_WARN_INT_CONVERSION = YES;
				CLANG_WARN_NON_LITERAL_NULL_CONVERSION = YES;
				CLANG_WARN_OBJC_IMPLICIT_RETAIN_SELF = YES;
				CLANG_WARN_OBJC_LITERAL_CONVERSION = YES;
				CLANG_WARN_OBJC_ROOT_CLASS = YES_ERROR;
				CLANG_WARN_QUOTED_INCLUDE_IN_FRAMEWORK_HEADER = YES;
				CLANG_WARN_RANGE_LOOP_ANALYSIS = YES;
				CLANG_WARN_STRICT_PROTOTYPES = YES;
				CLANG_WARN_SUSPICIOUS_MOVE = YES;
				CLANG_WARN_UNGUARDED_AVAILABILITY = YES_AGGRESSIVE;
				CLANG_WARN_UNREACHABLE_CODE = YES;
				CLANG_WARN__DUPLICATE_METHOD_MATCH = YES;
				COPY_PHASE_STRIP = NO;
				DEBUG_INFORMATION_FORMAT = "dwarf-with-dsym";
				ENABLE_NS_ASSERTIONS = NO;
				ENABLE_STRICT_OBJC_MSGSEND = YES;
				ENABLE_USER_SCRIPT_SANDBOXING = YES;
				GCC_C_LANGUAGE_STANDARD = gnu17;
				GCC_NO_COMMON_BLOCKS = YES;
				GCC_WARN_64_TO_32_BIT_CONVERSION = YES;
				GCC_WARN_ABOUT_RETURN_TYPE = YES_ERROR;
				GCC_WARN_UNDECLARED_SELECTOR = YES;
				GCC_WARN_UNINITIALIZED_AUTOS = YES_AGGRESSIVE;
				GCC_WARN_UNUSED_FUNCTION = YES;
				GCC_WARN_UNUSED_VARIABLE = YES;
				IPHONEOS_DEPLOYMENT_TARGET = 17.4;
				LOCALIZATION_PREFERS_STRING_CATALOGS = YES;
				MTL_ENABLE_DEBUG_INFO = NO;
				MTL_FAST_MATH = YES;
				SDKROOT = iphoneos;
				SWIFT_COMPILATION_MODE = wholemodule;
				VALIDATE_PRODUCT = YES;
			};
			name = Release;
		};
		48218CFD2C29564A003ADF9A /* Debug */ = {
			isa = XCBuildConfiguration;
			buildSettings = {
				ASSETCATALOG_COMPILER_APPICON_NAME = AppIcon;
				ASSETCATALOG_COMPILER_GLOBAL_ACCENT_COLOR_NAME = AccentColor;
				CODE_SIGN_STYLE = Automatic;
				CURRENT_PROJECT_VERSION = 1;
				DEVELOPMENT_TEAM = U4HJYQP2ZD;
				GENERATE_INFOPLIST_FILE = YES;
				INFOPLIST_FILE = FilmList/Info.plist;
				INFOPLIST_KEY_UIApplicationSupportsIndirectInputEvents = YES;
				INFOPLIST_KEY_UILaunchStoryboardName = LaunchScreen;
				INFOPLIST_KEY_UISupportedInterfaceOrientations = UIInterfaceOrientationPortrait;
				INFOPLIST_KEY_UISupportedInterfaceOrientations_iPad = UIInterfaceOrientationPortrait;
				IPHONEOS_DEPLOYMENT_TARGET = 16.0;
				LD_RUNPATH_SEARCH_PATHS = (
					"$(inherited)",
					"@executable_path/Frameworks",
				);
				MARKETING_VERSION = 1.0;
				PRODUCT_BUNDLE_IDENTIFIER = com.dahyun.FilmList;
				PRODUCT_NAME = "$(TARGET_NAME)";
				SUPPORTED_PLATFORMS = "iphoneos iphonesimulator";
				SUPPORTS_MACCATALYST = NO;
				SUPPORTS_MAC_DESIGNED_FOR_IPHONE_IPAD = NO;
				SUPPORTS_XR_DESIGNED_FOR_IPHONE_IPAD = NO;
				SWIFT_EMIT_LOC_STRINGS = YES;
				SWIFT_VERSION = 5.0;
				TARGETED_DEVICE_FAMILY = 1;
			};
			name = Debug;
		};
		48218CFE2C29564A003ADF9A /* Release */ = {
			isa = XCBuildConfiguration;
			buildSettings = {
				ASSETCATALOG_COMPILER_APPICON_NAME = AppIcon;
				ASSETCATALOG_COMPILER_GLOBAL_ACCENT_COLOR_NAME = AccentColor;
				CODE_SIGN_STYLE = Automatic;
				CURRENT_PROJECT_VERSION = 1;
				DEVELOPMENT_TEAM = U4HJYQP2ZD;
				GENERATE_INFOPLIST_FILE = YES;
				INFOPLIST_FILE = FilmList/Info.plist;
				INFOPLIST_KEY_UIApplicationSupportsIndirectInputEvents = YES;
				INFOPLIST_KEY_UILaunchStoryboardName = LaunchScreen;
				INFOPLIST_KEY_UISupportedInterfaceOrientations = UIInterfaceOrientationPortrait;
				INFOPLIST_KEY_UISupportedInterfaceOrientations_iPad = UIInterfaceOrientationPortrait;
				IPHONEOS_DEPLOYMENT_TARGET = 16.0;
				LD_RUNPATH_SEARCH_PATHS = (
					"$(inherited)",
					"@executable_path/Frameworks",
				);
				MARKETING_VERSION = 1.0;
				PRODUCT_BUNDLE_IDENTIFIER = com.dahyun.FilmList;
				PRODUCT_NAME = "$(TARGET_NAME)";
				SUPPORTED_PLATFORMS = "iphoneos iphonesimulator";
				SUPPORTS_MACCATALYST = NO;
				SUPPORTS_MAC_DESIGNED_FOR_IPHONE_IPAD = NO;
				SUPPORTS_XR_DESIGNED_FOR_IPHONE_IPAD = NO;
				SWIFT_EMIT_LOC_STRINGS = YES;
				SWIFT_VERSION = 5.0;
				TARGETED_DEVICE_FAMILY = 1;
			};
			name = Release;
		};
/* End XCBuildConfiguration section */

/* Begin XCConfigurationList section */
		48218CE32C295648003ADF9A /* Build configuration list for PBXProject "FilmList" */ = {
			isa = XCConfigurationList;
			buildConfigurations = (
				48218CFA2C29564A003ADF9A /* Debug */,
				48218CFB2C29564A003ADF9A /* Release */,
			);
			defaultConfigurationIsVisible = 0;
			defaultConfigurationName = Release;
		};
		48218CFC2C29564A003ADF9A /* Build configuration list for PBXNativeTarget "FilmList" */ = {
			isa = XCConfigurationList;
			buildConfigurations = (
				48218CFD2C29564A003ADF9A /* Debug */,
				48218CFE2C29564A003ADF9A /* Release */,
			);
			defaultConfigurationIsVisible = 0;
			defaultConfigurationName = Release;
		};
/* End XCConfigurationList section */

/* Begin XCRemoteSwiftPackageReference section */
		48218D022C29587C003ADF9A /* XCRemoteSwiftPackageReference "SnapKit" */ = {
			isa = XCRemoteSwiftPackageReference;
			repositoryURL = "https://github.com/SnapKit/SnapKit.git";
			requirement = {
				kind = upToNextMajorVersion;
				minimumVersion = 5.7.1;
			};
		};
		48218D052C295890003ADF9A /* XCRemoteSwiftPackageReference "Alamofire" */ = {
			isa = XCRemoteSwiftPackageReference;
			repositoryURL = "https://github.com/Alamofire/Alamofire.git";
			requirement = {
				kind = upToNextMajorVersion;
				minimumVersion = 5.9.1;
			};
		};
		48218D1F2C296FC9003ADF9A /* XCRemoteSwiftPackageReference "Kingfisher" */ = {
			isa = XCRemoteSwiftPackageReference;
			repositoryURL = "https://github.com/onevcat/Kingfisher.git";
			requirement = {
				kind = upToNextMajorVersion;
				minimumVersion = 7.12.0;
			};
		};
/* End XCRemoteSwiftPackageReference section */

/* Begin XCSwiftPackageProductDependency section */
		48218D032C29587C003ADF9A /* SnapKit */ = {
			isa = XCSwiftPackageProductDependency;
			package = 48218D022C29587C003ADF9A /* XCRemoteSwiftPackageReference "SnapKit" */;
			productName = SnapKit;
		};
		48218D062C295890003ADF9A /* Alamofire */ = {
			isa = XCSwiftPackageProductDependency;
			package = 48218D052C295890003ADF9A /* XCRemoteSwiftPackageReference "Alamofire" */;
			productName = Alamofire;
		};
		48218D202C296FC9003ADF9A /* Kingfisher */ = {
			isa = XCSwiftPackageProductDependency;
			package = 48218D1F2C296FC9003ADF9A /* XCRemoteSwiftPackageReference "Kingfisher" */;
			productName = Kingfisher;
		};
/* End XCSwiftPackageProductDependency section */
	};
	rootObject = 48218CE02C295648003ADF9A /* Project object */;
}
